schema: '2.0'
stages:
  extract_train_data:
    cmd: dvc pull data/train_data.tsv.dvc
  extract_test_data:
    cmd: dvc pull data/test_data.tsv.dvc
  train_model:
    cmd: python3 -m model.scripts.train_model
    params:
      params.yaml:
        model:
          learning_rate: 0.1
          max_depth: 6
          n_estimators: 100
          use_label_encoder: false
          eval_metric: auc
    outs:
    - path: model/saved_models/model.joblib
      md5: 27a64f92207c1ae3a190ffcf98fbda2b
      size: 307216
  inference_model:
    cmd: python3 -m model.scripts.inference_model
    deps:
    - path: model/saved_models/model.joblib
      md5: 27a64f92207c1ae3a190ffcf98fbda2b
      size: 307216
    outs:
    - path: metrics.json
      md5: 015b059536d591f584948f23d39f2e08
      size: 85
